<?xml version="1.0" encoding="utf-8"?>
<Project ToolsVersion="4.0" xmlns="http://schemas.microsoft.com/developer/msbuild/2003">
  <ItemGroup>
    <Filter Include="Source Files">
      <UniqueIdentifier>{5f6e2c70-3cfe-49d0-ab7c-1a2c281ec06b}</UniqueIdentifier>
      <Extensions>cpp;c;cxx;rc;def;r;odl;hpj;bat;for;f90</Extensions>
    </Filter>
    <Filter Include="Header Files">
      <UniqueIdentifier>{8aa46f3d-5c28-4934-ba7f-a638e83c239b}</UniqueIdentifier>
      <Extensions>h;hpp;hxx;hm;inl;fi;fd</Extensions>
    </Filter>
    <Filter Include="Resource Files">
      <UniqueIdentifier>{42a5bb20-7c53-4fa8-9cb6-398abd0c0fc9}</UniqueIdentifier>
      <Extensions>ico;cur;bmp;dlg;rc2;rct;bin;cnt;rtf;gif;jpg;jpeg;jpe</Extensions>
    </Filter>
    <Filter Include="Bar">
      <UniqueIdentifier>{7ad55112-9784-4162-8980-3a85789f013a}</UniqueIdentifier>
    </Filter>
    <Filter Include="Scintilla">
      <UniqueIdentifier>{519e2e6f-eedf-4ede-9eef-09c1b1bc286d}</UniqueIdentifier>
    </Filter>
    <Filter Include="ColdFire">
      <UniqueIdentifier>{78302537-db08-48ce-b13c-93790b0e74f5}</UniqueIdentifier>
    </Filter>
    <Filter Include="BoostFilesystem">
      <UniqueIdentifier>{725a0bc1-f96b-4518-92e9-09d2a7b238a7}</UniqueIdentifier>
    </Filter>
  </ItemGroup>
  <ItemGroup>
    <ClCompile Include="About.cpp">
      <Filter>Source Files</Filter>
    </ClCompile>
    <ClCompile Include="App.cpp">
      <Filter>Source Files</Filter>
    </ClCompile>
    <ClCompile Include="AsmSrcDoc.cpp">
      <Filter>Source Files</Filter>
    </ClCompile>
    <ClCompile Include="AsmSrcView.cpp">
      <Filter>Source Files</Filter>
    </ClCompile>
    <ClCompile Include="Broadcast.cpp">
      <Filter>Source Files</Filter>
    </ClCompile>
    <ClCompile Include="ChildFrm.cpp">
      <Filter>Source Files</Filter>
    </ClCompile>
    <ClCompile Include="CpuBar.cpp">
      <Filter>Source Files</Filter>
    </ClCompile>
    <ClCompile Include="CpuDlg.cpp">
      <Filter>Source Files</Filter>
    </ClCompile>
    <ClCompile Include="CXMultiDocTemplate.cpp">
      <Filter>Source Files</Filter>
    </ClCompile>
    <ClCompile Include="Debugger.cpp">
      <Filter>Source Files</Filter>
    </ClCompile>
    <ClCompile Include="Defs.cpp">
      <Filter>Source Files</Filter>
    </ClCompile>
    <ClCompile Include="FlatBar.cpp">
      <Filter>Source Files</Filter>
    </ClCompile>
    <ClCompile Include="FormatNums.cpp">
      <Filter>Source Files</Filter>
    </ClCompile>
    <ClCompile Include="Global.cpp">
      <Filter>Source Files</Filter>
    </ClCompile>
    <ClCompile Include="HyperLink.cpp">
      <Filter>Source Files</Filter>
    </ClCompile>
    <ClCompile Include="IntelHex.cpp">
      <Filter>Source Files</Filter>
    </ClCompile>
    <ClCompile Include="IOWindow.cpp">
      <Filter>Source Files</Filter>
    </ClCompile>
    <ClCompile Include="LoadCode.cpp">
      <Filter>Source Files</Filter>
    </ClCompile>
    <ClCompile Include="LogBuffer.cpp">
      <Filter>Source Files</Filter>
    </ClCompile>
    <ClCompile Include="MemoryDC.cpp">
      <Filter>Source Files</Filter>
    </ClCompile>
    <ClCompile Include="MotorolaSRecord.cpp">
      <Filter>Source Files</Filter>
    </ClCompile>
    <ClCompile Include="Options.cpp">
      <Filter>Source Files</Filter>
    </ClCompile>
    <ClCompile Include="SaveCode.cpp">
      <Filter>Source Files</Filter>
    </ClCompile>
    <ClCompile Include="StaticLink.cpp">
      <Filter>Source Files</Filter>
    </ClCompile>
    <ClCompile Include="CtrlBar\scbarcf.cpp">
      <Filter>Bar</Filter>
    </ClCompile>
    <ClCompile Include="CtrlBar\scbarg.cpp">
      <Filter>Bar</Filter>
    </ClCompile>
    <ClCompile Include="CtrlBar\sizecbar.cpp">
      <Filter>Bar</Filter>
    </ClCompile>
    <ClCompile Include="scintilla-mfc\ScintillaCtrl.cpp">
      <Filter>Scintilla</Filter>
    </ClCompile>
    <ClCompile Include="scintilla-mfc\ScintillaDocView.cpp">
      <Filter>Scintilla</Filter>
    </ClCompile>
    <ClCompile Include="CustomTabCtrl.cpp">
      <Filter>Source Files</Filter>
    </ClCompile>
    <ClCompile Include="DisasmBar.cpp">
      <Filter>Source Files</Filter>
    </ClCompile>
    <ClCompile Include="DisasmView.cpp">
      <Filter>Source Files</Filter>
    </ClCompile>
    <ClCompile Include="DisasmDoc.cpp">
      <Filter>Source Files</Filter>
    </ClCompile>
    <ClCompile Include="MemoryWnd.cpp">
      <Filter>Source Files</Filter>
    </ClCompile>
    <ClCompile Include="load_jpeg.cpp">
      <Filter>Source Files</Filter>
    </ClCompile>
    <ClCompile Include="Settings.cpp">
      <Filter>Source Files</Filter>
    </ClCompile>
    <ClCompile Include="UIElements.cpp">
      <Filter>Source Files</Filter>
    </ClCompile>
    <ClCompile Include="Utilities.cpp">
      <Filter>Source Files</Filter>
    </ClCompile>
    <ClCompile Include="ProtectedCall.cpp">
      <Filter>Source Files</Filter>
    </ClCompile>
    <ClCompile Include="pch.cpp">
      <Filter>Source Files</Filter>
    </ClCompile>
    <ClCompile Include="LoadCodeDlg.cpp">
      <Filter>Source Files</Filter>
    </ClCompile>
    <ClCompile Include="..\BoostFilesystem\codecvt_error_category.cpp">
      <Filter>BoostFilesystem</Filter>
    </ClCompile>
    <ClCompile Include="..\BoostFilesystem\error_code.cpp">
      <Filter>BoostFilesystem</Filter>
    </ClCompile>
    <ClCompile Include="..\BoostFilesystem\operations.cpp">
      <Filter>BoostFilesystem</Filter>
    </ClCompile>
    <ClCompile Include="..\BoostFilesystem\path.cpp">
      <Filter>BoostFilesystem</Filter>
    </ClCompile>
    <ClCompile Include="..\BoostFilesystem\path_traits.cpp">
      <Filter>BoostFilesystem</Filter>
    </ClCompile>
    <ClCompile Include="..\BoostFilesystem\portability.cpp">
      <Filter>BoostFilesystem</Filter>
    </ClCompile>
    <ClCompile Include="..\BoostFilesystem\unique_path.cpp">
      <Filter>BoostFilesystem</Filter>
    </ClCompile>
    <ClCompile Include="..\BoostFilesystem\utf8_codecvt_facet.cpp">
      <Filter>BoostFilesystem</Filter>
    </ClCompile>
    <ClCompile Include="..\BoostFilesystem\windows_file_codecvt.cpp">
      <Filter>BoostFilesystem</Filter>
    </ClCompile>
    <ClCompile Include="MainFrame.cpp">
      <Filter>Source Files</Filter>
    </ClCompile>
    <ClCompile Include="MemoryBar.cpp">
      <Filter>Source Files</Filter>
    </ClCompile>
    <ClCompile Include="MemorySource.cpp">
      <Filter>Source Files</Filter>
    </ClCompile>
    <ClCompile Include="Utf8.cpp">
      <Filter>Source Files</Filter>
    </ClCompile>
    <ClCompile Include="TypeTranslators.cpp">
      <Filter>Source Files</Filter>
    </ClCompile>
    <ClCompile Include="EditBox.cpp">
      <Filter>Source Files</Filter>
    </ClCompile>
    <ClCompile Include="SettingsClient.cpp">
      <Filter>Source Files</Filter>
    </ClCompile>
    <ClCompile Include="NumberEdit.cpp">
      <Filter>Source Files</Filter>
    </ClCompile>
    <ClCompile Include="LEDSegmentsDlg.cpp">
      <Filter>Source Files</Filter>
    </ClCompile>
    <ClCompile Include="LCDDisplayDlg.cpp">
      <Filter>Source Files</Filter>
    </ClCompile>
    <ClCompile Include="DisplayDlg.cpp">
      <Filter>Source Files</Filter>
    </ClCompile>
  </ItemGroup>
  <ItemGroup>
    <ClInclude Include="About.h">
      <Filter>Header Files</Filter>
    </ClInclude>
    <ClInclude Include="App.h">
      <Filter>Header Files</Filter>
    </ClInclude>
    <ClInclude Include="AsmSrcDoc.h">
      <Filter>Header Files</Filter>
    </ClInclude>
    <ClInclude Include="AsmSrcView.h">
      <Filter>Header Files</Filter>
    </ClInclude>
    <ClInclude Include="Broadcast.h">
      <Filter>Header Files</Filter>
    </ClInclude>
    <ClInclude Include="ChildFrm.h">
      <Filter>Header Files</Filter>
    </ClInclude>
    <ClInclude Include="CpuBar.h">
      <Filter>Header Files</Filter>
    </ClInclude>
    <ClInclude Include="CpuDlg.h">
      <Filter>Header Files</Filter>
    </ClInclude>
    <ClInclude Include="CXMultiDocTemplate.h">
      <Filter>Header Files</Filter>
    </ClInclude>
    <ClInclude Include="Debugger.h">
      <Filter>Header Files</Filter>
    </ClInclude>
    <ClInclude Include="Defs.h">
      <Filter>Header Files</Filter>
    </ClInclude>
    <ClInclude Include="DialEditBrkp.h">
      <Filter>Header Files</Filter>
    </ClInclude>
    <ClInclude Include="DynamicHelp.h">
      <Filter>Header Files</Filter>
    </ClInclude>
    <ClInclude Include="FlatBar.h">
      <Filter>Header Files</Filter>
    </ClInclude>
    <ClInclude Include="FormatNums.h">
      <Filter>Header Files</Filter>
    </ClInclude>
    <ClInclude Include="Global.h">
      <Filter>Header Files</Filter>
    </ClInclude>
    <ClInclude Include="HyperLink.h">
      <Filter>Header Files</Filter>
    </ClInclude>
    <ClInclude Include="IOChannel.h">
      <Filter>Header Files</Filter>
    </ClInclude>
    <ClInclude Include="IOWindow.h">
      <Filter>Header Files</Filter>
    </ClInclude>
    <ClInclude Include="ListCtrlBar.h">
      <Filter>Header Files</Filter>
    </ClInclude>
    <ClInclude Include="LogBuffer.h">
      <Filter>Header Files</Filter>
    </ClInclude>
    <ClInclude Include="LogWindow.h">
      <Filter>Header Files</Filter>
    </ClInclude>
    <ClInclude Include="MemoryChg.h">
      <Filter>Header Files</Filter>
    </ClInclude>
    <ClInclude Include="MemoryDC.h">
      <Filter>Header Files</Filter>
    </ClInclude>
    <ClInclude Include="Options.h">
      <Filter>Header Files</Filter>
    </ClInclude>
    <ClInclude Include="OutputMem.h">
      <Filter>Header Files</Filter>
    </ClInclude>
    <ClInclude Include="resource.h">
      <Filter>Header Files</Filter>
    </ClInclude>
    <ClInclude Include="StaticLink.h">
      <Filter>Header Files</Filter>
    </ClInclude>
    <ClInclude Include="CtrlBar\scbarcf.h">
      <Filter>Bar</Filter>
    </ClInclude>
    <ClInclude Include="CtrlBar\scbarg.h">
      <Filter>Bar</Filter>
    </ClInclude>
    <ClInclude Include="CtrlBar\sizecbar.h">
      <Filter>Bar</Filter>
    </ClInclude>
    <ClInclude Include="scintilla-mfc\ScintillaCtrl.h">
      <Filter>Scintilla</Filter>
    </ClInclude>
    <ClInclude Include="scintilla-mfc\ScintillaDocView.h">
      <Filter>Scintilla</Filter>
    </ClInclude>
    <ClInclude Include="Assembler.h">
      <Filter>ColdFire</Filter>
    </ClInclude>
    <ClInclude Include="DisasmBar.h">
      <Filter>Header Files</Filter>
    </ClInclude>
    <ClInclude Include="DisasmDoc.h">
      <Filter>Header Files</Filter>
    </ClInclude>
    <ClInclude Include="DisasmView.h">
      <Filter>Header Files</Filter>
    </ClInclude>
    <ClInclude Include="MemoryWnd.h">
      <Filter>Header Files</Filter>
    </ClInclude>
    <ClInclude Include="HexViewWnd.h">
      <Filter>Header Files</Filter>
    </ClInclude>
    <ClInclude Include="load_jpeg.h">
      <Filter>Header Files</Filter>
    </ClInclude>
    <ClInclude Include="Settings.h">
      <Filter>Header Files</Filter>
    </ClInclude>
    <ClInclude Include="UIElements.h">
      <Filter>Header Files</Filter>
    </ClInclude>
    <ClInclude Include="Utilities.h">
      <Filter>Header Files</Filter>
    </ClInclude>
    <ClInclude Include="ProtectedCall.h">
      <Filter>Header Files</Filter>
    </ClInclude>
    <ClInclude Include="Color.h">
      <Filter>Header Files</Filter>
    </ClInclude>
    <ClInclude Include="PointerView.h">
      <Filter>Header Files</Filter>
    </ClInclude>
    <ClInclude Include="pch.h">
      <Filter>Header Files</Filter>
    </ClInclude>
    <ClInclude Include="stdafx.h">
      <Filter>Header Files</Filter>
    </ClInclude>
    <ClInclude Include="LoadCodeDlg.h">
      <Filter>Header Files</Filter>
    </ClInclude>
    <ClInclude Include="MainFrame.h">
      <Filter>Header Files</Filter>
    </ClInclude>
    <ClInclude Include="MemoryBar.h">
      <Filter>Header Files</Filter>
    </ClInclude>
    <ClInclude Include="MemorySource.h">
      <Filter>Header Files</Filter>
    </ClInclude>
    <ClInclude Include="CFTypes.h">
      <Filter>ColdFire</Filter>
    </ClInclude>
    <ClInclude Include="Utf8.h">
      <Filter>Header Files</Filter>
    </ClInclude>
    <ClInclude Include="TypeTranslators.h">
      <Filter>Header Files</Filter>
    </ClInclude>
    <ClInclude Include="EditBox.h">
      <Filter>Header Files</Filter>
    </ClInclude>
    <ClInclude Include="SettingsClient.h">
      <Filter>Header Files</Filter>
    </ClInclude>
    <ClInclude Include="WndTimer.h">
      <Filter>Header Files</Filter>
    </ClInclude>
    <ClInclude Include="LEDSegmentsDlg.h">
      <Filter>Header Files</Filter>
    </ClInclude>
    <ClInclude Include="LCDDisplayDlg.h">
      <Filter>Header Files</Filter>
    </ClInclude>
    <ClInclude Include="DisplayDlg.h">
      <Filter>Header Files</Filter>
    </ClInclude>
  </ItemGroup>
  <ItemGroup>
    <Image Include="res\arrow.ico">
      <Filter>Resource Files</Filter>
    </Image>
    <Image Include="res\close_tb.bmp">
      <Filter>Resource Files</Filter>
    </Image>
    <Image Include="res\code.bmp">
      <Filter>Resource Files</Filter>
    </Image>
    <Image Include="res\code1.bmp">
      <Filter>Resource Files</Filter>
    </Image>
    <Image Include="res\debug.bmp">
      <Filter>Resource Files</Filter>
    </Image>
    <Image Include="res\disasm.ico">
      <Filter>Resource Files</Filter>
    </Image>
    <Image Include="res\ident_info.ico">
      <Filter>Resource Files</Filter>
    </Image>
    <Image Include="res\io_window.ico">
      <Filter>Resource Files</Filter>
    </Image>
    <Image Include="res\memory_info.ico">
      <Filter>Resource Files</Filter>
    </Image>
    <Image Include="res\stat-icons.bmp">
      <Filter>Resource Files</Filter>
    </Image>
    <Image Include="res\state-icons.bmp">
      <Filter>Resource Files</Filter>
    </Image>
    <Image Include="res\Toolbar.bmp">
      <Filter>Resource Files</Filter>
    </Image>
    <Image Include="res\ColdFire.ico">
      <Filter>Resource Files</Filter>
    </Image>
    <Image Include="res\doc.ico">
      <Filter>Resource Files</Filter>
    </Image>
    <Image Include="res\about.jpg">
      <Filter>Resource Files</Filter>
    </Image>
    <Image Include="res\led-7segment.bmp">
      <Filter>Resource Files</Filter>
    </Image>
    <Image Include="res\led-16segment.bmp">
      <Filter>Resource Files</Filter>
    </Image>
  </ItemGroup>
  <ItemGroup>
    <None Include="res\link.cur">
      <Filter>Resource Files</Filter>
    </None>
    <None Include="res\settings.ini">
      <Filter>Resource Files</Filter>
    </None>
  </ItemGroup>
  <ItemGroup>
    <Text Include="ReadMe.txt" />
  </ItemGroup>
  <ItemGroup>
    <ResourceCompile Include="Studio.rc">
      <Filter>Resource Files</Filter>
    </ResourceCompile>
  </ItemGroup>
  <ItemGroup>
    <Font Include="res\Bitstream Vera Sans Mono.ttf">
      <Filter>Resource Files</Filter>
    </Font>
  </ItemGroup>
</Project>